github.com/StackExchange/wmi v0.0.0-20190523213315-cbe66965904d/go.mod h1:3eOhrUMpNV+6aFIbp5/iudMxNCF27Vw2OZgy4xEx0Fg=
github.com/go-ole/go-ole v1.2.4/go.mod h1:XCwSNxSkXRo4vlyPy93sltvi/qJq0jqQhjqQNIwKuxM=
github.com/go-resty/resty v1.12.0 h1:L1P5qymrXL5H/doXe2pKUr1wxovAI5ilm2LdVLbwThc=
github.com/go-resty/resty/v2 v2.3.0 h1:JOOeAvjSlapTT92p8xiS19Zxev1neGikoHsXJeOq8So=
github.com/go-resty/resty/v2 v2.3.0/go.mod h1:UpN9CgLZNsv4e9XG50UU8xdI0F43UQ4HmxLBDwaroHU=
github.com/gonutz/framebuffer v0.0.0-20161010133700-868cfcb58bff h1:lHh3OhAPgmhtnzOXhTt1UUDn13MLysQMZyml6h06C2I=
github.com/gonutz/framebuffer v0.0.0-20161010133700-868cfcb58bff/go.mod h1:Koh0HRyJGrLmNyCf2jhH6mvTO6WVF+YSWfnPq8M06Gk=
github.com/google/gousb v0.0.0-20190525092738-2dc560e6bea3/go.mod h1:Tl4HdAs1ThE3gECkNwz+1MWicX6FXddhJEw7L8jRDiI=
github.com/kastelo-labs/sensehat v0.0.0-20200705063826-18f47985d1f2 h1:JU/IoXWBlmoZWK7pCATdPbQDr9IxaVvTHFLLum/7KL4=
github.com/kastelo-labs/sensehat v0.0.0-20200705063826-18f47985d1f2/go.mod h1:ZVRfIR+TGHoHzmfPprZ7HihV8u3NXOPbb2/tmJFsQnw=
github.com/lanzafame/bobblehat v0.0.0-20190628174408-a0f0792c1691 h1:o3aMwSNYkdM+w3zODsAQTGsP09c4r9E2DW42NjYRS0M=
github.com/lanzafame/bobblehat v0.0.0-20190628174408-a0f0792c1691/go.mod h1:CuWZprWAvuwcm4Sl0Vt1qL8foyta9HIBRLC5qyYtUW4=
github.com/maruel/ansi256 v1.0.0/go.mod h1:TRJwQ7LqnqgZq0zP9lRNEO9hlwgPbUy5JY6dc0d442k=
github.com/mattn/go-colorable v0.1.2/go.mod h1:U0ppj6V5qS13XJ6of8GYAs25YV2eR4EVcfRqFIhoBtE=
github.com/mattn/go-isatty v0.0.8/go.mod h1:Iq45c/XA43vh69/j3iqttzPXn0bhXyGjM0Hdxcsrc5s=
golang.org/x/crypto v0.0.0-20190308221718-c2843e01d9a2 h1:VklqNMn3ovrHsnt90PveolxSbWFaJdECFbxSq0Mqo2M=
golang.org/x/crypto v0.0.0-20190308221718-c2843e01d9a2/go.mod h1:djNgcEr1/C05ACkg1iLfiJU5Ep61QUkGW8qpdssI0+w=
golang.org/x/crypto v0.0.0-20201217014255-9d1352758620 h1:3wPMTskHO3+O6jqTEXyFcsnuxMQOqYSaHsDxcbUXpqA=
golang.org/x/crypto v0.0.0-20201217014255-9d1352758620/go.mod h1:jdWPYTVW3xRLrWPugEBEK3UY2ZEsg3UU495nc5E+M+I=
golang.org/x/net v0.0.0-20190404232315-eb5bcb51f2a3/go.mod h1:t9HGtf8HONx5eT2rtn7q6eTqICYqUVnKs3thJo3Qplg=
golang.org/x/net v0.0.0-20200513185701-a91f0712d120 h1:EZ3cVSzKOlJxAd8e8YAJ7no8nNypTxexh/YE/xW3ZEY=
golang.org/x/net v0.0.0-20200513185701-a91f0712d120/go.mod h1:qpuaurCH72eLCgpAm/N6yyVIVM9cpaDIP3A8BGJEC5A=
golang.org/x/sys v0.0.0-20190215142949-d0b11bdaac8a/go.mod h1:STP8DvDyc/dI5b8T5hshtkjS+E42TnysNCUPdjciGhY=
golang.org/x/sys v0.0.0-20190222072716-a9d3bda3a223/go.mod h1:STP8DvDyc/dI5b8T5hshtkjS+E42TnysNCUPdjciGhY=
golang.org/x/sys v0.0.0-20191026070338-33540a1f6037/go.mod h1:h1NjWce9XRLGQEsW7wpKNCjG9DtNlClVuFLEZdDNbEs=
golang.org/x/sys v0.0.0-20200323222414-85ca7c5b95cd h1:xhmwyvizuTgC2qz7ZlMluP20uW+C3Rm0FD/WLDX8884=
golang.org/x/sys v0.0.0-20200323222414-85ca7c5b95cd/go.mod h1:h1NjWce9XRLGQEsW7wpKNCjG9DtNlClVuFLEZdDNbEs=
golang.org/x/term v0.0.0-20201117132131-f5c789dd3221 h1:/ZHdbVpdR/jk3g30/d4yUL0JU9kksj8+F/bnQUVLGDM=
golang.org/x/term v0.0.0-20201117132131-f5c789dd3221/go.mod h1:Nr5EML6q2oocZ2LXRh80K7BxOlk5/8JxuGnuhpl+muw=
golang.org/x/text v0.3.0/go.mod h1:NqM8EUOU14njkJ3fqMW+pc6Ldnwhi/IjpwHt7yyuwOQ=
periph.io/x/extra v0.0.0-20200225150845-c5a4b83ade91 h1:4aaagghFuyxiF9Ty5YTrEwXhwtK4SHgUzWXgzO+Lq7o=
periph.io/x/extra v0.0.0-20200225150845-c5a4b83ade91/go.mod h1:kTyJlxrmvqQ5e5/77r9TCE1YWyxVpYBYt8nnB3E5Xgo=
periph.io/x/periph v1.0.0 h1:bwoS1Re14o6WinWbTuZuwX9Yh/5Rco4iNCl/CA+Kca8=
periph.io/x/periph v3.6.2+incompatible/go.mod h1:EWr+FCIU2dBWz5/wSWeiIUJTriYv9v2j2ENBmgYyy7Y=
periph.io/x/periph v3.6.5+incompatible h1:VXn7+WZ5ell0lFg3QcQJarYX6uMTbhfnNTbBxra3hQQ=
periph.io/x/periph v3.6.5+incompatible/go.mod h1:EWr+FCIU2dBWz5/wSWeiIUJTriYv9v2j2ENBmgYyy7Y=
